
Microsoft Visual Studio Solution File, Format Version 12.00
# Visual Studio Version 16
VisualStudioVersion = 16.0.31019.35
MinimumVisualStudioVersion = 10.0.40219.1
Project("{FAE04EC0-301F-11D3-BF4B-00C04F79EFBC}") = "CityFinder(Indexer)", "CityFinder(Indexer)\CityFinder(Indexer).csproj", "{4E9550AF-5781-46ED-B333-C8E20C78256D}"
EndProject
Global
	GlobalSection(SolutionConfigurationPlatforms) = preSolution
		Debug|Any CPU = Debug|Any CPU
		Release|Any CPU = Release|Any CPU
	EndGlobalSection
	GlobalSection(ProjectConfigurationPlatforms) = postSolution
		{4E9550AF-5781-46ED-B333-C8E20C78256D}.Debug|Any CPU.ActiveCfg = Debug|Any CPU
		{4E9550AF-5781-46ED-B333-C8E20C78256D}.Debug|Any CPU.Build.0 = Debug|Any CPU
		{4E9550AF-5781-46ED-B333-C8E20C78256D}.Release|Any CPU.ActiveCfg = Release|Any CPU
		{4E9550AF-5781-46ED-B333-C8E20C78256D}.Release|Any CPU.Build.0 = Release|Any CPU
	EndGlobalSection
	GlobalSection(SolutionProperties) = preSolution
		HideSolutionNode = FALSE
	EndGlobalSection
	GlobalSection(ExtensibilityGlobals) = postSolution
		SolutionGuid = {23583678-2716-4956-8728-A7A10B18DEAB}
	EndGlobalSection
EndGlobal
